
Microsoft Visual Studio Solution File, Format Version 12.00
# Visual Studio Version 16
VisualStudioVersion = 16.0.29806.167
MinimumVisualStudioVersion = 10.0.40219.1
Project("{FAE04EC0-301F-11D3-BF4B-00C04F79EFBC}") = "DependencyInjectionBenchmark", "DependencyInjectionBenchmark.csproj", "{6BB227ED-0D2D-4BDC-B087-0C1DFA251F8E}"
EndProject
Global
	GlobalSection(SolutionConfigurationPlatforms) = preSolution
		Debug|Any CPU = Debug|Any CPU
		Release|Any CPU = Release|Any CPU
	EndGlobalSection
	GlobalSection(ProjectConfigurationPlatforms) = postSolution
		{6BB227ED-0D2D-4BDC-B087-0C1DFA251F8E}.Debug|Any CPU.ActiveCfg = Debug|Any CPU
		{6BB227ED-0D2D-4BDC-B087-0C1DFA251F8E}.Debug|Any CPU.Build.0 = Debug|Any CPU
		{6BB227ED-0D2D-4BDC-B087-0C1DFA251F8E}.Release|Any CPU.ActiveCfg = Release|Any CPU
		{6BB227ED-0D2D-4BDC-B087-0C1DFA251F8E}.Release|Any CPU.Build.0 = Release|Any CPU
	EndGlobalSection
	GlobalSection(SolutionProperties) = preSolution
		HideSolutionNode = FALSE
	EndGlobalSection
	GlobalSection(ExtensibilityGlobals) = postSolution
		SolutionGuid = {BE9D069D-A891-47C6-B4BE-65CFAB8FF1E4}
	EndGlobalSection
EndGlobal
